
Microsoft Visual Studio Solution File, Format Version 12.00
# Visual Studio 15
VisualStudioVersion = 15.0.27703.2018
MinimumVisualStudioVersion = 10.0.40219.1
Project("{FAE04EC0-301F-11D3-BF4B-00C04F79EFBC}") = "Курсовая", "Курсовая.csproj", "{6E3FC059-A35D-4077-9955-8A8C6F8F8948}"
EndProject
Global
	GlobalSection(SolutionConfigurationPlatforms) = preSolution
		Debug|Any CPU = Debug|Any CPU
		Debug|x86 = Debug|x86
		Release|Any CPU = Release|Any CPU
		Release|x86 = Release|x86
	EndGlobalSection
	GlobalSection(ProjectConfigurationPlatforms) = postSolution
		{6E3FC059-A35D-4077-9955-8A8C6F8F8948}.Debug|Any CPU.ActiveCfg = Debug|x86
		{6E3FC059-A35D-4077-9955-8A8C6F8F8948}.Debug|x86.ActiveCfg = Debug|x86
		{6E3FC059-A35D-4077-9955-8A8C6F8F8948}.Debug|x86.Build.0 = Debug|x86
		{6E3FC059-A35D-4077-9955-8A8C6F8F8948}.Release|Any CPU.ActiveCfg = Release|x86
		{6E3FC059-A35D-4077-9955-8A8C6F8F8948}.Release|x86.ActiveCfg = Release|x86
		{6E3FC059-A35D-4077-9955-8A8C6F8F8948}.Release|x86.Build.0 = Release|x86
	EndGlobalSection
	GlobalSection(SolutionProperties) = preSolution
		HideSolutionNode = FALSE
	EndGlobalSection
	GlobalSection(ExtensibilityGlobals) = postSolution
		SolutionGuid = {7A44B963-8921-4ECC-BBDB-6385269EAD65}
	EndGlobalSection
EndGlobal
